
Microsoft Visual Studio Solution File, Format Version 12.00
# Visual Studio 14
VisualStudioVersion = 14.0.25123.0
MinimumVisualStudioVersion = 10.0.40219.1
Project("{FAE04EC0-301F-11D3-BF4B-00C04F79EFBC}") = "HtmlExtentions", "HtmlExtentions\HtmlExtentions.csproj", "{4ABFA01C-0DD3-4AF5-B517-9A4AE5926757}"
EndProject
Global
	GlobalSection(SolutionConfigurationPlatforms) = preSolution
		Debug|Any CPU = Debug|Any CPU
		Release|Any CPU = Release|Any CPU
	EndGlobalSection
	GlobalSection(ProjectConfigurationPlatforms) = postSolution
		{4ABFA01C-0DD3-4AF5-B517-9A4AE5926757}.Debug|Any CPU.ActiveCfg = Debug|Any CPU
		{4ABFA01C-0DD3-4AF5-B517-9A4AE5926757}.Debug|Any CPU.Build.0 = Debug|Any CPU
		{4ABFA01C-0DD3-4AF5-B517-9A4AE5926757}.Release|Any CPU.ActiveCfg = Release|Any CPU
		{4ABFA01C-0DD3-4AF5-B517-9A4AE5926757}.Release|Any CPU.Build.0 = Release|Any CPU
	EndGlobalSection
	GlobalSection(SolutionProperties) = preSolution
		HideSolutionNode = FALSE
	EndGlobalSection
EndGlobal
