
Microsoft Visual Studio Solution File, Format Version 12.00
# Visual Studio 14
VisualStudioVersion = 14.0.25123.0
MinimumVisualStudioVersion = 10.0.40219.1
Project("{FAE04EC0-301F-11D3-BF4B-00C04F79EFBC}") = "HtmlExtentions", "HtmlExtentions\HtmlExtentions.csproj", "{4ABFA01C-0DD3-4AF5-B517-9A4AE5926757}"
EndProject
Project("{FAE04EC0-301F-11D3-BF4B-00C04F79EFBC}") = "Core", "Core\Core.csproj", "{817455D7-F76A-4C81-A9B8-728C8EC02725}"
EndProject
Project("{FAE04EC0-301F-11D3-BF4B-00C04F79EFBC}") = "Testes", "Testes\Testes.csproj", "{45A8C6EB-B80C-44CA-BE96-C87FFC5D160F}"
EndProject
Project("{FAE04EC0-301F-11D3-BF4B-00C04F79EFBC}") = "WebApp", "WebApp\WebApp.csproj", "{C42E8756-0184-4B9A-A2C1-311427B311F5}"
EndProject
Global
	GlobalSection(SolutionConfigurationPlatforms) = preSolution
		Debug|Any CPU = Debug|Any CPU
		Release|Any CPU = Release|Any CPU
	EndGlobalSection
	GlobalSection(ProjectConfigurationPlatforms) = postSolution
		{4ABFA01C-0DD3-4AF5-B517-9A4AE5926757}.Debug|Any CPU.ActiveCfg = Debug|Any CPU
		{4ABFA01C-0DD3-4AF5-B517-9A4AE5926757}.Debug|Any CPU.Build.0 = Debug|Any CPU
		{4ABFA01C-0DD3-4AF5-B517-9A4AE5926757}.Release|Any CPU.ActiveCfg = Release|Any CPU
		{4ABFA01C-0DD3-4AF5-B517-9A4AE5926757}.Release|Any CPU.Build.0 = Release|Any CPU
		{817455D7-F76A-4C81-A9B8-728C8EC02725}.Debug|Any CPU.ActiveCfg = Debug|Any CPU
		{817455D7-F76A-4C81-A9B8-728C8EC02725}.Debug|Any CPU.Build.0 = Debug|Any CPU
		{817455D7-F76A-4C81-A9B8-728C8EC02725}.Release|Any CPU.ActiveCfg = Release|Any CPU
		{817455D7-F76A-4C81-A9B8-728C8EC02725}.Release|Any CPU.Build.0 = Release|Any CPU
		{45A8C6EB-B80C-44CA-BE96-C87FFC5D160F}.Debug|Any CPU.ActiveCfg = Debug|Any CPU
		{45A8C6EB-B80C-44CA-BE96-C87FFC5D160F}.Debug|Any CPU.Build.0 = Debug|Any CPU
		{45A8C6EB-B80C-44CA-BE96-C87FFC5D160F}.Release|Any CPU.ActiveCfg = Release|Any CPU
		{45A8C6EB-B80C-44CA-BE96-C87FFC5D160F}.Release|Any CPU.Build.0 = Release|Any CPU
		{C42E8756-0184-4B9A-A2C1-311427B311F5}.Debug|Any CPU.ActiveCfg = Debug|Any CPU
		{C42E8756-0184-4B9A-A2C1-311427B311F5}.Debug|Any CPU.Build.0 = Debug|Any CPU
		{C42E8756-0184-4B9A-A2C1-311427B311F5}.Release|Any CPU.ActiveCfg = Release|Any CPU
		{C42E8756-0184-4B9A-A2C1-311427B311F5}.Release|Any CPU.Build.0 = Release|Any CPU
	EndGlobalSection
	GlobalSection(SolutionProperties) = preSolution
		HideSolutionNode = FALSE
	EndGlobalSection
EndGlobal
